
Microsoft Visual Studio Solution File, Format Version 12.00
# Visual Studio Version 17
VisualStudioVersion = 17.4.33213.308
MinimumVisualStudioVersion = 10.0.40219.1
Project("{9A19103F-16F7-4668-BE54-9A1E7A4F7556}") = "midterm", "midterm.csproj", "{3B838D03-6888-4CCC-AC77-81916BB75030}"
EndProject
Global
	GlobalSection(SolutionConfigurationPlatforms) = preSolution
		Debug|Any CPU = Debug|Any CPU
		Release|Any CPU = Release|Any CPU
	EndGlobalSection
	GlobalSection(ProjectConfigurationPlatforms) = postSolution
		{3B838D03-6888-4CCC-AC77-81916BB75030}.Debug|Any CPU.ActiveCfg = Debug|Any CPU
		{3B838D03-6888-4CCC-AC77-81916BB75030}.Debug|Any CPU.Build.0 = Debug|Any CPU
		{3B838D03-6888-4CCC-AC77-81916BB75030}.Release|Any CPU.ActiveCfg = Release|Any CPU
		{3B838D03-6888-4CCC-AC77-81916BB75030}.Release|Any CPU.Build.0 = Release|Any CPU
	EndGlobalSection
	GlobalSection(SolutionProperties) = preSolution
		HideSolutionNode = FALSE
	EndGlobalSection
	GlobalSection(ExtensibilityGlobals) = postSolution
		SolutionGuid = {BA53C6CC-1900-4FEE-8B9E-D4937BA4DB32}
	EndGlobalSection
EndGlobal
